
Microsoft Visual Studio Solution File, Format Version 12.00
Project("{FAE04EC0-301F-11D3-BF4B-00C04F79EFBC}") = "APBDCW8", "APBDCW8\APBDCW8.csproj", "{F48366EE-D8E1-47CA-B2B1-FCFB97D628A4}"
EndProject
Global
	GlobalSection(SolutionConfigurationPlatforms) = preSolution
		Debug|Any CPU = Debug|Any CPU
		Release|Any CPU = Release|Any CPU
	EndGlobalSection
	GlobalSection(ProjectConfigurationPlatforms) = postSolution
		{F48366EE-D8E1-47CA-B2B1-FCFB97D628A4}.Debug|Any CPU.ActiveCfg = Debug|Any CPU
		{F48366EE-D8E1-47CA-B2B1-FCFB97D628A4}.Debug|Any CPU.Build.0 = Debug|Any CPU
		{F48366EE-D8E1-47CA-B2B1-FCFB97D628A4}.Release|Any CPU.ActiveCfg = Release|Any CPU
		{F48366EE-D8E1-47CA-B2B1-FCFB97D628A4}.Release|Any CPU.Build.0 = Release|Any CPU
	EndGlobalSection
EndGlobal
